<?xml version="1.0" encoding="utf-8"?>
<Project ToolsVersion="4.0" xmlns="http://schemas.microsoft.com/developer/msbuild/2003">
  <ItemGroup>
    <Filter Include="Source Files">
      <UniqueIdentifier>{4FC737F1-C7A5-4376-A066-2A32D752A2FF}</UniqueIdentifier>
      <Extensions>cpp;c;cc;cxx;def;odl;idl;hpj;bat;asm;asmx</Extensions>
    </Filter>
    <Filter Include="Header Files">
      <UniqueIdentifier>{93995380-89BD-4b04-88EB-625FBE52EBFB}</UniqueIdentifier>
      <Extensions>h;hh;hpp;hxx;hm;inl;inc;xsd</Extensions>
    </Filter>
    <Filter Include="Resource Files">
      <UniqueIdentifier>{67DA6AB6-F800-4c08-8B7A-83BB121AAD01}</UniqueIdentifier>
      <Extensions>rc;ico;cur;bmp;dlg;rc2;rct;bin;rgs;gif;jpg;jpeg;jpe;resx;tiff;tif;png;wav;mfcribbon-ms</Extensions>
    </Filter>
    <Filter Include="Form Files">
      <UniqueIdentifier>{99349809-55BA-4b9d-BF79-8FDBB0286EB3}</UniqueIdentifier>
      <Extensions>ui</Extensions>
    </Filter>
    <Filter Include="Resource Files">
      <UniqueIdentifier>{D9D6E242-F8AF-46E4-B9FD-80ECBC20BA3E}</UniqueIdentifier>
      <Extensions>qrc;*</Extensions>
      <ParseFiles>false</ParseFiles>
    </Filter>
    <Filter Include="Generated Files">
      <UniqueIdentifier>{71ED8ED8-ACB9-4CE9-BBE1-E00B30144E11}</UniqueIdentifier>
      <Extensions>moc;h;cpp</Extensions>
      <SourceControlFiles>False</SourceControlFiles>
    </Filter>
    <Filter Include="AfFineClock">
      <UniqueIdentifier>{cae143a5-b6af-4fb0-be85-bb8862476599}</UniqueIdentifier>
    </Filter>
    <Filter Include="My">
      <UniqueIdentifier>{8dee792d-e87a-48bf-b2ca-6aebe0548135}</UniqueIdentifier>
    </Filter>
    <Filter Include="My\ImageViewer">
      <UniqueIdentifier>{fff5ebb5-335c-4f25-b682-dbca5eaebe11}</UniqueIdentifier>
    </Filter>
  </ItemGroup>
  <ItemGroup>
    <ClCompile Include="main.cpp">
      <Filter>Source Files</Filter>
    </ClCompile>
    <ClCompile Include="GrabThread.cpp">
      <Filter>Source Files</Filter>
    </ClCompile>
    <ClCompile Include="OpenCV_Grab_dual.cpp">
      <Filter>Source Files</Filter>
    </ClCompile>
    <ClCompile Include="..\GeneratedFiles\moc_OpenCV_Grab_dual.cpp">
      <Filter>Generated Files</Filter>
    </ClCompile>
    <ClCompile Include="..\GeneratedFiles\moc_GrabThread.cpp">
      <Filter>Generated Files</Filter>
    </ClCompile>
    <ClCompile Include="..\GeneratedFiles\qrc_OpenCV_Grab_dual.cpp">
      <Filter>Generated Files</Filter>
    </ClCompile>
    <ClCompile Include="..\GeneratedFiles\moc_MyLineEdit.cpp">
      <Filter>Generated Files</Filter>
    </ClCompile>
    <ClCompile Include="AfFineClock\AfFineClock_Win32.cpp">
      <Filter>AfFineClock</Filter>
    </ClCompile>
    <ClCompile Include="..\GeneratedFiles\moc_MyLabel.cpp">
      <Filter>Generated Files</Filter>
    </ClCompile>
    <ClCompile Include="MyImageViewerWidget.cpp">
      <Filter>My\ImageViewer</Filter>
    </ClCompile>
    <ClCompile Include="..\GeneratedFiles\moc_MyImageViewerWidget.cpp">
      <Filter>Generated Files</Filter>
    </ClCompile>
    <ClCompile Include="..\GeneratedFiles\moc_MyImageViewerDialog.cpp">
      <Filter>Generated Files</Filter>
    </ClCompile>
  </ItemGroup>
  <ItemGroup>
    <CustomBuild Include="OpenCV_Grab_dual.h">
      <Filter>Header Files</Filter>
    </CustomBuild>
    <CustomBuild Include="OpenCV_Grab_dual.ui">
      <Filter>Form Files</Filter>
    </CustomBuild>
    <CustomBuild Include="GrabThread.h">
      <Filter>Header Files</Filter>
    </CustomBuild>
    <CustomBuild Include="OpenCV_Grab_dual.qrc" />
    <CustomBuild Include="MyLineEdit.h">
      <Filter>My</Filter>
    </CustomBuild>
    <CustomBuild Include="MyLabel.h">
      <Filter>My</Filter>
    </CustomBuild>
    <CustomBuild Include="MyImageViewerWidget.h">
      <Filter>My\ImageViewer</Filter>
    </CustomBuild>
    <CustomBuild Include="MyImageViewerWidget.ui">
      <Filter>My\ImageViewer</Filter>
    </CustomBuild>
    <CustomBuild Include="MyImageViewerDialog.ui">
      <Filter>My\ImageViewer</Filter>
    </CustomBuild>
    <CustomBuild Include="MyImageViewerDialog.h">
      <Filter>My\ImageViewer</Filter>
    </CustomBuild>
  </ItemGroup>
  <ItemGroup>
    <ResourceCompile Include="OpenCV_Grab_dual.rc">
      <Filter>Resource Files</Filter>
    </ResourceCompile>
  </ItemGroup>
  <ItemGroup>
    <ClInclude Include="..\GeneratedFiles\ui_OpenCV_Grab_dual.h">
      <Filter>Generated Files</Filter>
    </ClInclude>
    <ClInclude Include="AfFineClock\AfFineClock.h">
      <Filter>AfFineClock</Filter>
    </ClInclude>
    <ClInclude Include="..\GeneratedFiles\ui_MyImageViewerWidget.h">
      <Filter>Generated Files</Filter>
    </ClInclude>
    <ClInclude Include="..\GeneratedFiles\ui_MyImageViewerDialog.h">
      <Filter>Generated Files</Filter>
    </ClInclude>
  </ItemGroup>
</Project>